// !$*UTF8*$!
{
	archiveVersion = 1;
	classes = {
	};
	objectVersion = 50;
	objects = {

/* Begin PBXBuildFile section */
		299BB21FE5D2C2CD0CC43699 /* Pods_Invo.framework in Frameworks */ = {isa = PBXBuildFile; fileRef = 2E29FAFC6D1EAF1F0A39B9CE /* Pods_Invo.framework */; };
		A40CC03B2221B01200826341 /* AppDelegate.swift in Sources */ = {isa = PBXBuildFile; fileRef = A40CC03A2221B01200826341 /* AppDelegate.swift */; };
		A40CC0402221B01200826341 /* Main.storyboard in Resources */ = {isa = PBXBuildFile; fileRef = A40CC03E2221B01200826341 /* Main.storyboard */; };
		A40CC0422221B01300826341 /* Assets.xcassets in Resources */ = {isa = PBXBuildFile; fileRef = A40CC0412221B01300826341 /* Assets.xcassets */; };
		A40CC0452221B01300826341 /* LaunchScreen.storyboard in Resources */ = {isa = PBXBuildFile; fileRef = A40CC0432221B01300826341 /* LaunchScreen.storyboard */; };
		A40CC04D2221DA9F00826341 /* MoviesViewController.swift in Sources */ = {isa = PBXBuildFile; fileRef = A40CC04C2221DA9F00826341 /* MoviesViewController.swift */; };
		A40CC04F22225EA700826341 /* MovieCellTableViewCell.swift in Sources */ = {isa = PBXBuildFile; fileRef = A40CC04E22225EA700826341 /* MovieCellTableViewCell.swift */; };
		A4768C9B222B3B5900D9441A /* MovieDetailsViewController.swift in Sources */ = {isa = PBXBuildFile; fileRef = A4768C9A222B3B5900D9441A /* MovieDetailsViewController.swift */; };
		A4768C9D222C87C200D9441A /* MovieGridViewController.swift in Sources */ = {isa = PBXBuildFile; fileRef = A4768C9C222C87C200D9441A /* MovieGridViewController.swift */; };
		A4768C9F222CB19C00D9441A /* MovieGridCell.swift in Sources */ = {isa = PBXBuildFile; fileRef = A4768C9E222CB19C00D9441A /* MovieGridCell.swift */; };
/* End PBXBuildFile section */

/* Begin PBXFileReference section */
		2E29FAFC6D1EAF1F0A39B9CE /* Pods_Invo.framework */ = {isa = PBXFileReference; explicitFileType = wrapper.framework; includeInIndex = 0; path = Pods_Invo.framework; sourceTree = BUILT_PRODUCTS_DIR; };
		A0FBEBF75E43D0DAD08F22ED /* Pods-Invo.release.xcconfig */ = {isa = PBXFileReference; includeInIndex = 1; lastKnownFileType = text.xcconfig; name = "Pods-Invo.release.xcconfig"; path = "Pods/Target Support Files/Pods-Invo/Pods-Invo.release.xcconfig"; sourceTree = "<group>"; };
		A2ACC04A3BA458AC199CC370 /* Pods-Invo.debug.xcconfig */ = {isa = PBXFileReference; includeInIndex = 1; lastKnownFileType = text.xcconfig; name = "Pods-Invo.debug.xcconfig"; path = "Pods/Target Support Files/Pods-Invo/Pods-Invo.debug.xcconfig"; sourceTree = "<group>"; };
		A40CC0372221B01200826341 /* Invo.app */ = {isa = PBXFileReference; explicitFileType = wrapper.application; includeInIndex = 0; path = Invo.app; sourceTree = BUILT_PRODUCTS_DIR; };
		A40CC03A2221B01200826341 /* AppDelegate.swift */ = {isa = PBXFileReference; lastKnownFileType = sourcecode.swift; path = AppDelegate.swift; sourceTree = "<group>"; };
		A40CC03F2221B01200826341 /* Base */ = {isa = PBXFileReference; lastKnownFileType = file.storyboard; name = Base; path = Base.lproj/Main.storyboard; sourceTree = "<group>"; };
		A40CC0412221B01300826341 /* Assets.xcassets */ = {isa = PBXFileReference; lastKnownFileType = folder.assetcatalog; path = Assets.xcassets; sourceTree = "<group>"; };
		A40CC0442221B01300826341 /* Base */ = {isa = PBXFileReference; lastKnownFileType = file.storyboard; name = Base; path = Base.lproj/LaunchScreen.storyboard; sourceTree = "<group>"; };
		A40CC0462221B01300826341 /* Info.plist */ = {isa = PBXFileReference; lastKnownFileType = text.plist.xml; path = Info.plist; sourceTree = "<group>"; };
		A40CC04C2221DA9F00826341 /* MoviesViewController.swift */ = {isa = PBXFileReference; lastKnownFileType = sourcecode.swift; path = MoviesViewController.swift; sourceTree = "<group>"; };
		A40CC04E22225EA700826341 /* MovieCellTableViewCell.swift */ = {isa = PBXFileReference; lastKnownFileType = sourcecode.swift; path = MovieCellTableViewCell.swift; sourceTree = "<group>"; };
		A4768C9A222B3B5900D9441A /* MovieDetailsViewController.swift */ = {isa = PBXFileReference; lastKnownFileType = sourcecode.swift; path = MovieDetailsViewController.swift; sourceTree = "<group>"; };
		A4768C9C222C87C200D9441A /* MovieGridViewController.swift */ = {isa = PBXFileReference; lastKnownFileType = sourcecode.swift; path = MovieGridViewController.swift; sourceTree = "<group>"; };
		A4768C9E222CB19C00D9441A /* MovieGridCell.swift */ = {isa = PBXFileReference; lastKnownFileType = sourcecode.swift; path = MovieGridCell.swift; sourceTree = "<group>"; };
/* End PBXFileReference section */

/* Begin PBXFrameworksBuildPhase section */
		A40CC0342221B01200826341 /* Frameworks */ = {
			isa = PBXFrameworksBuildPhase;
			buildActionMask = 2147483647;
			files = (
				299BB21FE5D2C2CD0CC43699 /* Pods_Invo.framework in Frameworks */,
			);
			runOnlyForDeploymentPostprocessing = 0;
		};
/* End PBXFrameworksBuildPhase section */

/* Begin PBXGroup section */
		7EDD969FD81445974510D2E7 /* Frameworks */ = {
			isa = PBXGroup;
			children = (
				2E29FAFC6D1EAF1F0A39B9CE /* Pods_Invo.framework */,
			);
			name = Frameworks;
			sourceTree = "<group>";
		};
		A40CC02E2221B01200826341 = {
			isa = PBXGroup;
			children = (
				A40CC0392221B01200826341 /* Invo */,
				A40CC0382221B01200826341 /* Products */,
				F3998F832101C8DFC53E9EEA /* Pods */,
				7EDD969FD81445974510D2E7 /* Frameworks */,
			);
			sourceTree = "<group>";
		};
		A40CC0382221B01200826341 /* Products */ = {
			isa = PBXGroup;
			children = (
				A40CC0372221B01200826341 /* Invo.app */,
			);
			name = Products;
			sourceTree = "<group>";
		};
		A40CC0392221B01200826341 /* Invo */ = {
			isa = PBXGroup;
			children = (
				A40CC03A2221B01200826341 /* AppDelegate.swift */,
				A40CC03E2221B01200826341 /* Main.storyboard */,
				A40CC04E22225EA700826341 /* MovieCellTableViewCell.swift */,
				A40CC0412221B01300826341 /* Assets.xcassets */,
				A40CC0432221B01300826341 /* LaunchScreen.storyboard */,
				A40CC0462221B01300826341 /* Info.plist */,
				A40CC04C2221DA9F00826341 /* MoviesViewController.swift */,
				A4768C9A222B3B5900D9441A /* MovieDetailsViewController.swift */,
				A4768C9C222C87C200D9441A /* MovieGridViewController.swift */,
				A4768C9E222CB19C00D9441A /* MovieGridCell.swift */,
			);
			path = Invo;
			sourceTree = "<group>";
		};
		F3998F832101C8DFC53E9EEA /* Pods */ = {
			isa = PBXGroup;
			children = (
				A2ACC04A3BA458AC199CC370 /* Pods-Invo.debug.xcconfig */,
				A0FBEBF75E43D0DAD08F22ED /* Pods-Invo.release.xcconfig */,
			);
			name = Pods;
			sourceTree = "<group>";
		};
/* End PBXGroup section */

/* Begin PBXNativeTarget section */
		A40CC0362221B01200826341 /* Invo */ = {
			isa = PBXNativeTarget;
			buildConfigurationList = A40CC0492221B01300826341 /* Build configuration list for PBXNativeTarget "Invo" */;
			buildPhases = (
				CFAE7C35BFDE5306371341E2 /* [CP] Check Pods Manifest.lock */,
				A40CC0332221B01200826341 /* Sources */,
				A40CC0342221B01200826341 /* Frameworks */,
				A40CC0352221B01200826341 /* Resources */,
				475BC1848B1365634BCCFF03 /* [CP] Embed Pods Frameworks */,
			);
			buildRules = (
			);
			dependencies = (
			);
			name = Invo;
			productName = Invo;
			productReference = A40CC0372221B01200826341 /* Invo.app */;
			productType = "com.apple.product-type.application";
		};
/* End PBXNativeTarget section */

/* Begin PBXProject section */
		A40CC02F2221B01200826341 /* Project object */ = {
			isa = PBXProject;
			attributes = {
				LastSwiftUpdateCheck = 1010;
				LastUpgradeCheck = 1010;
				ORGANIZATIONNAME = mohanadhmd;
				TargetAttributes = {
					A40CC0362221B01200826341 = {
						CreatedOnToolsVersion = 10.1;
					};
				};
			};
			buildConfigurationList = A40CC0322221B01200826341 /* Build configuration list for PBXProject "Invo" */;
			compatibilityVersion = "Xcode 9.3";
			developmentRegion = en;
			hasScannedForEncodings = 0;
			knownRegions = (
				en,
				Base,
			);
			mainGroup = A40CC02E2221B01200826341;
			productRefGroup = A40CC0382221B01200826341 /* Products */;
			projectDirPath = "";
			projectRoot = "";
			targets = (
				A40CC0362221B01200826341 /* Invo */,
			);
		};
/* End PBXProject section */

/* Begin PBXResourcesBuildPhase section */
		A40CC0352221B01200826341 /* Resources */ = {
			isa = PBXResourcesBuildPhase;
			buildActionMask = 2147483647;
			files = (
				A40CC0452221B01300826341 /* LaunchScreen.storyboard in Resources */,
				A40CC0422221B01300826341 /* Assets.xcassets in Resources */,
				A40CC0402221B01200826341 /* Main.storyboard in Resources */,
			);
			runOnlyForDeploymentPostprocessing = 0;
		};
/* End PBXResourcesBuildPhase section */

/* Begin PBXShellScriptBuildPhase section */
		475BC1848B1365634BCCFF03 /* [CP] Embed Pods Frameworks */ = {
			isa = PBXShellScriptBuildPhase;
			buildActionMask = 2147483647;
			files = (
			);
			inputPaths = (
				"${SRCROOT}/Pods/Target Support Files/Pods-Invo/Pods-Invo-frameworks.sh",
				"${BUILT_PRODUCTS_DIR}/Alamofire/Alamofire.framework",
				"${BUILT_PRODUCTS_DIR}/AlamofireImage/AlamofireImage.framework",
			);
			name = "[CP] Embed Pods Frameworks";
			outputPaths = (
				"${TARGET_BUILD_DIR}/${FRAMEWORKS_FOLDER_PATH}/Alamofire.framework",
				"${TARGET_BUILD_DIR}/${FRAMEWORKS_FOLDER_PATH}/AlamofireImage.framework",
			);
			runOnlyForDeploymentPostprocessing = 0;
			shellPath = /bin/sh;
			shellScript = "\"${SRCROOT}/Pods/Target Support Files/Pods-Invo/Pods-Invo-frameworks.sh\"\n";
			showEnvVarsInLog = 0;
		};
		CFAE7C35BFDE5306371341E2 /* [CP] Check Pods Manifest.lock */ = {
			isa = PBXShellScriptBuildPhase;
			buildActionMask = 2147483647;
			files = (
			);
			inputPaths = (
				"${PODS_PODFILE_DIR_PATH}/Podfile.lock",
				"${PODS_ROOT}/Manifest.lock",
			);
			name = "[CP] Check Pods Manifest.lock";
			outputPaths = (
				"$(DERIVED_FILE_DIR)/Pods-Invo-checkManifestLockResult.txt",
			);
			runOnlyForDeploymentPostprocessing = 0;
			shellPath = /bin/sh;
			shellScript = "diff \"${PODS_PODFILE_DIR_PATH}/Podfile.lock\" \"${PODS_ROOT}/Manifest.lock\" > /dev/null\nif [ $? != 0 ] ; then\n    # print error to STDERR\n    echo \"error: The sandbox is not in sync with the Podfile.lock. Run 'pod install' or update your CocoaPods installation.\" >&2\n    exit 1\nfi\n# This output is used by Xcode 'outputs' to avoid re-running this script phase.\necho \"SUCCESS\" > \"${SCRIPT_OUTPUT_FILE_0}\"\n";
			showEnvVarsInLog = 0;
		};
/* End PBXShellScriptBuildPhase section */

/* Begin PBXSourcesBuildPhase section */
		A40CC0332221B01200826341 /* Sources */ = {
			isa = PBXSourcesBuildPhase;
			buildActionMask = 2147483647;
			files = (
				A4768C9D222C87C200D9441A /* MovieGridViewController.swift in Sources */,
				A4768C9B222B3B5900D9441A /* MovieDetailsViewController.swift in Sources */,
				A40CC04F22225EA700826341 /* MovieCellTableViewCell.swift in Sources */,
				A40CC03B2221B01200826341 /* AppDelegate.swift in Sources */,
				A4768C9F222CB19C00D9441A /* MovieGridCell.swift in Sources */,
				A40CC04D2221DA9F00826341 /* MoviesViewController.swift in Sources */,
			);
			runOnlyForDeploymentPostprocessing = 0;
		};
/* End PBXSourcesBuildPhase section */

/* Begin PBXVariantGroup section */
		A40CC03E2221B01200826341 /* Main.storyboard */ = {
			isa = PBXVariantGroup;
			children = (
				A40CC03F2221B01200826341 /* Base */,
			);
			name = Main.storyboard;
			sourceTree = "<group>";
		};
		A40CC0432221B01300826341 /* LaunchScreen.storyboard */ = {
			isa = PBXVariantGroup;
			children = (
				A40CC0442221B01300826341 /* Base */,
			);
			name = LaunchScreen.storyboard;
			sourceTree = "<group>";
		};
/* End PBXVariantGroup section */

/* Begin XCBuildConfiguration section */
		A40CC0472221B01300826341 /* Debug */ = {
			isa = XCBuildConfiguration;
			buildSettings = {
				ALWAYS_SEARCH_USER_PATHS = NO;
				CLANG_ANALYZER_NONNULL = YES;
				CLANG_ANALYZER_NUMBER_OBJECT_CONVERSION = YES_AGGRESSIVE;
				CLANG_CXX_LANGUAGE_STANDARD = "gnu++14";
				CLANG_CXX_LIBRARY = "libc++";
				CLANG_ENABLE_MODULES = YES;
				CLANG_ENABLE_OBJC_ARC = YES;
				CLANG_ENABLE_OBJC_WEAK = YES;
				CLANG_WARN_BLOCK_CAPTURE_AUTORELEASING = YES;
				CLANG_WARN_BOOL_CONVERSION = YES;
				CLANG_WARN_COMMA = YES;
				CLANG_WARN_CONSTANT_CONVERSION = YES;
				CLANG_WARN_DEPRECATED_OBJC_IMPLEMENTATIONS = YES;
				CLANG_WARN_DIRECT_OBJC_ISA_USAGE = YES_ERROR;
				CLANG_WARN_DOCUMENTATION_COMMENTS = YES;
				CLANG_WARN_EMPTY_BODY = YES;
				CLANG_WARN_ENUM_CONVERSION = YES;
				CLANG_WARN_INFINITE_RECURSION = YES;
				CLANG_WARN_INT_CONVERSION = YES;
				CLANG_WARN_NON_LITERAL_NULL_CONVERSION = YES;
				CLANG_WARN_OBJC_IMPLICIT_RETAIN_SELF = YES;
				CLANG_WARN_OBJC_LITERAL_CONVERSION = YES;
				CLANG_WARN_OBJC_ROOT_CLASS = YES_ERROR;
				CLANG_WARN_RANGE_LOOP_ANALYSIS = YES;
				CLANG_WARN_STRICT_PROTOTYPES = YES;
				CLANG_WARN_SUSPICIOUS_MOVE = YES;
				CLANG_WARN_UNGUARDED_AVAILABILITY = YES_AGGRESSIVE;
				CLANG_WARN_UNREACHABLE_CODE = YES;
				CLANG_WARN__DUPLICATE_METHOD_MATCH = YES;
				CODE_SIGN_IDENTITY = "iPhone Developer";
				COPY_PHASE_STRIP = NO;
				DEBUG_INFORMATION_FORMAT = dwarf;
				ENABLE_STRICT_OBJC_MSGSEND = YES;
				ENABLE_TESTABILITY = YES;
				GCC_C_LANGUAGE_STANDARD = gnu11;
				GCC_DYNAMIC_NO_PIC = NO;
				GCC_NO_COMMON_BLOCKS = YES;
				GCC_OPTIMIZATION_LEVEL = 0;
				GCC_PREPROCESSOR_DEFINITIONS = (
					"DEBUG=1",
					"$(inherited)",
				);
				GCC_WARN_64_TO_32_BIT_CONVERSION = YES;
				GCC_WARN_ABOUT_RETURN_TYPE = YES_ERROR;
				GCC_WARN_UNDECLARED_SELECTOR = YES;
				GCC_WARN_UNINITIALIZED_AUTOS = YES_AGGRESSIVE;
				GCC_WARN_UNUSED_FUNCTION = YES;
				GCC_WARN_UNUSED_VARIABLE = YES;
				IPHONEOS_DEPLOYMENT_TARGET = 12.1;
				MTL_ENABLE_DEBUG_INFO = INCLUDE_SOURCE;
				MTL_FAST_MATH = YES;
				ONLY_ACTIVE_ARCH = YES;
				SDKROOT = iphoneos;
				SWIFT_ACTIVE_COMPILATION_CONDITIONS = DEBUG;
				SWIFT_OPTIMIZATION_LEVEL = "-Onone";
			};
			name = Debug;
		};
		A40CC0482221B01300826341 /* Release */ = {
			isa = XCBuildConfiguration;
			buildSettings = {
				ALWAYS_SEARCH_USER_PATHS = NO;
				CLANG_ANALYZER_NONNULL = YES;
				CLANG_ANALYZER_NUMBER_OBJECT_CONVERSION = YES_AGGRESSIVE;
				CLANG_CXX_LANGUAGE_STANDARD = "gnu++14";
				CLANG_CXX_LIBRARY = "libc++";
				CLANG_ENABLE_MODULES = YES;
				CLANG_ENABLE_OBJC_ARC = YES;
				CLANG_ENABLE_OBJC_WEAK = YES;
				CLANG_WARN_BLOCK_CAPTURE_AUTORELEASING = YES;
				CLANG_WARN_BOOL_CONVERSION = YES;
				CLANG_WARN_COMMA = YES;
				CLANG_WARN_CONSTANT_CONVERSION = YES;
				CLANG_WARN_DEPRECATED_OBJC_IMPLEMENTATIONS = YES;
				CLANG_WARN_DIRECT_OBJC_ISA_USAGE = YES_ERROR;
				CLANG_WARN_DOCUMENTATION_COMMENTS = YES;
				CLANG_WARN_EMPTY_BODY = YES;
				CLANG_WARN_ENUM_CONVERSION = YES;
				CLANG_WARN_INFINITE_RECURSION = YES;
				CLANG_WARN_INT_CONVERSION = YES;
				CLANG_WARN_NON_LITERAL_NULL_CONVERSION = YES;
				CLANG_WARN_OBJC_IMPLICIT_RETAIN_SELF = YES;
				CLANG_WARN_OBJC_LITERAL_CONVERSION = YES;
				CLANG_WARN_OBJC_ROOT_CLASS = YES_ERROR;
				CLANG_WARN_RANGE_LOOP_ANALYSIS = YES;
				CLANG_WARN_STRICT_PROTOTYPES = YES;
				CLANG_WARN_SUSPICIOUS_MOVE = YES;
				CLANG_WARN_UNGUARDED_AVAILABILITY = YES_AGGRESSIVE;
				CLANG_WARN_UNREACHABLE_CODE = YES;
				CLANG_WARN__DUPLICATE_METHOD_MATCH = YES;
				CODE_SIGN_IDENTITY = "iPhone Developer";
				COPY_PHASE_STRIP = NO;
				DEBUG_INFORMATION_FORMAT = "dwarf-with-dsym";
				ENABLE_NS_ASSERTIONS = NO;
				ENABLE_STRICT_OBJC_MSGSEND = YES;
				GCC_C_LANGUAGE_STANDARD = gnu11;
				GCC_NO_COMMON_BLOCKS = YES;
				GCC_WARN_64_TO_32_BIT_CONVERSION = YES;
				GCC_WARN_ABOUT_RETURN_TYPE = YES_ERROR;
				GCC_WARN_UNDECLARED_SELECTOR = YES;
				GCC_WARN_UNINITIALIZED_AUTOS = YES_AGGRESSIVE;
				GCC_WARN_UNUSED_FUNCTION = YES;
				GCC_WARN_UNUSED_VARIABLE = YES;
				IPHONEOS_DEPLOYMENT_TARGET = 12.1;
				MTL_ENABLE_DEBUG_INFO = NO;
				MTL_FAST_MATH = YES;
				SDKROOT = iphoneos;
				SWIFT_COMPILATION_MODE = wholemodule;
				SWIFT_OPTIMIZATION_LEVEL = "-O";
				VALIDATE_PRODUCT = YES;
			};
			name = Release;
		};
		A40CC04A2221B01300826341 /* Debug */ = {
			isa = XCBuildConfiguration;
			baseConfigurationReference = A2ACC04A3BA458AC199CC370 /* Pods-Invo.debug.xcconfig */;
			buildSettings = {
				ASSETCATALOG_COMPILER_APPICON_NAME = AppIcon;
				CODE_SIGN_STYLE = Automatic;
				DEVELOPMENT_TEAM = AHU34X7YA7;
				INFOPLIST_FILE = Invo/Info.plist;
				LD_RUNPATH_SEARCH_PATHS = (
					"$(inherited)",
					"@executable_path/Frameworks",
				);
				PRODUCT_BUNDLE_IDENTIFIER = codepath.Invo;
				PRODUCT_NAME = "$(TARGET_NAME)";
				SWIFT_VERSION = 4.2;
				TARGETED_DEVICE_FAMILY = "1,2";
			};
			name = Debug;
		};
		A40CC04B2221B01300826341 /* Release */ = {
			isa = XCBuildConfiguration;
			baseConfigurationReference = A0FBEBF75E43D0DAD08F22ED /* Pods-Invo.release.xcconfig */;
			buildSettings = {
				ASSETCATALOG_COMPILER_APPICON_NAME = AppIcon;
				CODE_SIGN_STYLE = Automatic;
				DEVELOPMENT_TEAM = AHU34X7YA7;
				INFOPLIST_FILE = Invo/Info.plist;
				LD_RUNPATH_SEARCH_PATHS = (
					"$(inherited)",
					"@executable_path/Frameworks",
				);
				PRODUCT_BUNDLE_IDENTIFIER = codepath.Invo;
				PRODUCT_NAME = "$(TARGET_NAME)";
				SWIFT_VERSION = 4.2;
				TARGETED_DEVICE_FAMILY = "1,2";
			};
			name = Release;
		};
/* End XCBuildConfiguration section */

/* Begin XCConfigurationList section */
		A40CC0322221B01200826341 /* Build configuration list for PBXProject "Invo" */ = {
			isa = XCConfigurationList;
			buildConfigurations = (
				A40CC0472221B01300826341 /* Debug */,
				A40CC0482221B01300826341 /* Release */,
			);
			defaultConfigurationIsVisible = 0;
			defaultConfigurationName = Release;
		};
		A40CC0492221B01300826341 /* Build configuration list for PBXNativeTarget "Invo" */ = {
			isa = XCConfigurationList;
			buildConfigurations = (
				A40CC04A2221B01300826341 /* Debug */,
				A40CC04B2221B01300826341 /* Release */,
			);
			defaultConfigurationIsVisible = 0;
			defaultConfigurationName = Release;
		};
/* End XCConfigurationList section */
	};
	rootObject = A40CC02F2221B01200826341 /* Project object */;
}
